<?xml version="1.0" encoding="utf-8"?>
<Project ToolsVersion="4.0" xmlns="http://schemas.microsoft.com/developer/msbuild/2003">
  <ItemGroup>
    <Filter Include="Source Files">
      <UniqueIdentifier>{4FC737F1-C7A5-4376-A066-2A32D752A2FF}</UniqueIdentifier>
      <Extensions>cpp;c;cc;cxx;def;odl;idl;hpj;bat;asm;asmx</Extensions>
    </Filter>
    <Filter Include="Header Files">
      <UniqueIdentifier>{93995380-89BD-4b04-88EB-625FBE52EBFB}</UniqueIdentifier>
      <Extensions>h;hpp;hxx;hm;inl;inc;xsd</Extensions>
    </Filter>
    <Filter Include="Parameter">
      <UniqueIdentifier>{7342f047-4b02-4678-b964-36b22d4d5ed3}</UniqueIdentifier>
    </Filter>
  </ItemGroup>
  <ItemGroup>
    <ClInclude Include="ArucoLocation.pb.h">
      <Filter>Header Files</Filter>
    </ClInclude>
    <ClInclude Include="UdpClientLinux.h">
      <Filter>Header Files</Filter>
    </ClInclude>
    <ClInclude Include="ArucoLocation.h">
      <Filter>Header Files</Filter>
    </ClInclude>
    <ClInclude Include="VideoRecorder.h">
      <Filter>Header Files</Filter>
    </ClInclude>
    <ClInclude Include="VideoRecorderUDP.pb.h">
      <Filter>Header Files</Filter>
    </ClInclude>
  </ItemGroup>
  <ItemGroup>
    <ClCompile Include="ArucoLocation.cpp">
      <Filter>Source Files</Filter>
    </ClCompile>
    <ClCompile Include="ArucoLocation.pb.cc">
      <Filter>Source Files</Filter>
    </ClCompile>
    <ClCompile Include="UdpClientLinux.cpp">
      <Filter>Source Files</Filter>
    </ClCompile>
    <ClCompile Include="main.cpp">
      <Filter>Source Files</Filter>
    </ClCompile>
    <ClCompile Include="VideoRecorder.cpp">
      <Filter>Source Files</Filter>
    </ClCompile>
    <ClCompile Include="VideoRecorderUDP.pb.cc">
      <Filter>Source Files</Filter>
    </ClCompile>
  </ItemGroup>
  <ItemGroup>
    <Resource Include="out_camera_params.yml">
      <Filter>Parameter</Filter>
    </Resource>
  </ItemGroup>
</Project>